
Microsoft Visual Studio Solution File, Format Version 12.00
# Visual Studio 15
VisualStudioVersion = 15.0.27130.2024
MinimumVisualStudioVersion = 10.0.40219.1
Project("{9A19103F-16F7-4668-BE54-9A1E7A4F7556}") = "ModeratelyUsefulBot", "ModeratelyUsefulBot\ModeratelyUsefulBot.csproj", "{692B3AEB-EC2A-4E54-90A8-05F118C78CFA}"
EndProject
Project("{FAE04EC0-301F-11D3-BF4B-00C04F79EFBC}") = "SpotifyTokenGenerator", "SpotifyTokenGenerator\SpotifyTokenGenerator.csproj", "{A3762186-F9DF-46FA-976A-1AEE9EB22ED2}"
EndProject
Global
	GlobalSection(SolutionConfigurationPlatforms) = preSolution
		Debug|Any CPU = Debug|Any CPU
		Release|Any CPU = Release|Any CPU
	EndGlobalSection
	GlobalSection(ProjectConfigurationPlatforms) = postSolution
		{692B3AEB-EC2A-4E54-90A8-05F118C78CFA}.Debug|Any CPU.ActiveCfg = Debug|Any CPU
		{692B3AEB-EC2A-4E54-90A8-05F118C78CFA}.Debug|Any CPU.Build.0 = Debug|Any CPU
		{692B3AEB-EC2A-4E54-90A8-05F118C78CFA}.Release|Any CPU.ActiveCfg = Release|Any CPU
		{692B3AEB-EC2A-4E54-90A8-05F118C78CFA}.Release|Any CPU.Build.0 = Release|Any CPU
		{A3762186-F9DF-46FA-976A-1AEE9EB22ED2}.Debug|Any CPU.ActiveCfg = Debug|Any CPU
		{A3762186-F9DF-46FA-976A-1AEE9EB22ED2}.Debug|Any CPU.Build.0 = Debug|Any CPU
		{A3762186-F9DF-46FA-976A-1AEE9EB22ED2}.Release|Any CPU.ActiveCfg = Release|Any CPU
		{A3762186-F9DF-46FA-976A-1AEE9EB22ED2}.Release|Any CPU.Build.0 = Release|Any CPU
	EndGlobalSection
	GlobalSection(SolutionProperties) = preSolution
		HideSolutionNode = FALSE
	EndGlobalSection
	GlobalSection(ExtensibilityGlobals) = postSolution
		SolutionGuid = {7CA29ABD-0D89-429D-98C4-C4992749DC38}
	EndGlobalSection
EndGlobal
